
Microsoft Visual Studio Solution File, Format Version 12.00
# Visual Studio Version 17
VisualStudioVersion = 17.13.35825.156 d17.13
MinimumVisualStudioVersion = 10.0.40219.1
Project("{FAE04EC0-301F-11D3-BF4B-00C04F79EFBC}") = "appGabrielMontoya", "appGabrielMontoya\appGabrielMontoya.csproj", "{9B6899BD-1143-4677-9F7A-BE6F7F37E048}"
EndProject
Global
	GlobalSection(SolutionConfigurationPlatforms) = preSolution
		Debug|Any CPU = Debug|Any CPU
		Release|Any CPU = Release|Any CPU
	EndGlobalSection
	GlobalSection(ProjectConfigurationPlatforms) = postSolution
		{9B6899BD-1143-4677-9F7A-BE6F7F37E048}.Debug|Any CPU.ActiveCfg = Debug|Any CPU
		{9B6899BD-1143-4677-9F7A-BE6F7F37E048}.Debug|Any CPU.Build.0 = Debug|Any CPU
		{9B6899BD-1143-4677-9F7A-BE6F7F37E048}.Release|Any CPU.ActiveCfg = Release|Any CPU
		{9B6899BD-1143-4677-9F7A-BE6F7F37E048}.Release|Any CPU.Build.0 = Release|Any CPU
	EndGlobalSection
	GlobalSection(SolutionProperties) = preSolution
		HideSolutionNode = FALSE
	EndGlobalSection
	GlobalSection(ExtensibilityGlobals) = postSolution
		SolutionGuid = {A332D5C6-35D0-46F9-8793-C0D44D5D57CA}
	EndGlobalSection
EndGlobal
